// !$*UTF8*$!
{
	archiveVersion = 1;
	classes = {
	};
	objectVersion = 50;
	objects = {

/* Begin PBXBuildFile section */
		2C31AA8024C375F5004A4857 /* pathTracerCore.framework in Frameworks */ = {isa = PBXBuildFile; fileRef = 2C31AA7F24C375F5004A4857 /* pathTracerCore.framework */; };
		2C4EFA6224C3708F0078EDCD /* AppDelegate.swift in Sources */ = {isa = PBXBuildFile; fileRef = 2C4EFA6124C3708F0078EDCD /* AppDelegate.swift */; };
		2C4EFA6424C3708F0078EDCD /* ContentView.swift in Sources */ = {isa = PBXBuildFile; fileRef = 2C4EFA6324C3708F0078EDCD /* ContentView.swift */; };
		2C4EFA6624C370920078EDCD /* Assets.xcassets in Resources */ = {isa = PBXBuildFile; fileRef = 2C4EFA6524C370920078EDCD /* Assets.xcassets */; };
		2C4EFA6924C370920078EDCD /* Preview Assets.xcassets in Resources */ = {isa = PBXBuildFile; fileRef = 2C4EFA6824C370920078EDCD /* Preview Assets.xcassets */; };
		2C4EFA6C24C370920078EDCD /* Main.storyboard in Resources */ = {isa = PBXBuildFile; fileRef = 2C4EFA6A24C370920078EDCD /* Main.storyboard */; };
/* End PBXBuildFile section */

/* Begin PBXFileReference section */
		2C31AA7F24C375F5004A4857 /* pathTracerCore.framework */ = {isa = PBXFileReference; explicitFileType = wrapper.framework; path = pathTracerCore.framework; sourceTree = BUILT_PRODUCTS_DIR; };
		2C4EFA5E24C3708F0078EDCD /* pathTracer.app */ = {isa = PBXFileReference; explicitFileType = wrapper.application; includeInIndex = 0; path = pathTracer.app; sourceTree = BUILT_PRODUCTS_DIR; };
		2C4EFA6124C3708F0078EDCD /* AppDelegate.swift */ = {isa = PBXFileReference; lastKnownFileType = sourcecode.swift; path = AppDelegate.swift; sourceTree = "<group>"; };
		2C4EFA6324C3708F0078EDCD /* ContentView.swift */ = {isa = PBXFileReference; lastKnownFileType = sourcecode.swift; path = ContentView.swift; sourceTree = "<group>"; };
		2C4EFA6524C370920078EDCD /* Assets.xcassets */ = {isa = PBXFileReference; lastKnownFileType = folder.assetcatalog; path = Assets.xcassets; sourceTree = "<group>"; };
		2C4EFA6824C370920078EDCD /* Preview Assets.xcassets */ = {isa = PBXFileReference; lastKnownFileType = folder.assetcatalog; path = "Preview Assets.xcassets"; sourceTree = "<group>"; };
		2C4EFA6B24C370920078EDCD /* Base */ = {isa = PBXFileReference; lastKnownFileType = file.storyboard; name = Base; path = Base.lproj/Main.storyboard; sourceTree = "<group>"; };
		2C4EFA6D24C370920078EDCD /* Info.plist */ = {isa = PBXFileReference; lastKnownFileType = text.plist.xml; path = Info.plist; sourceTree = "<group>"; };
		2C4EFA6E24C370920078EDCD /* pathTracer.entitlements */ = {isa = PBXFileReference; lastKnownFileType = text.plist.entitlements; path = pathTracer.entitlements; sourceTree = "<group>"; };
/* End PBXFileReference section */

/* Begin PBXFrameworksBuildPhase section */
		2C4EFA5B24C3708F0078EDCD /* Frameworks */ = {
			isa = PBXFrameworksBuildPhase;
			buildActionMask = 2147483647;
			files = (
				2C31AA8024C375F5004A4857 /* pathTracerCore.framework in Frameworks */,
			);
			runOnlyForDeploymentPostprocessing = 0;
		};
/* End PBXFrameworksBuildPhase section */

/* Begin PBXGroup section */
		2C31AA7E24C375F5004A4857 /* Frameworks */ = {
			isa = PBXGroup;
			children = (
				2C31AA7F24C375F5004A4857 /* pathTracerCore.framework */,
			);
			name = Frameworks;
			sourceTree = "<group>";
		};
		2C4EFA5524C3708F0078EDCD = {
			isa = PBXGroup;
			children = (
				2C4EFA6024C3708F0078EDCD /* pathTracer */,
				2C4EFA5F24C3708F0078EDCD /* Products */,
				2C31AA7E24C375F5004A4857 /* Frameworks */,
			);
			sourceTree = "<group>";
		};
		2C4EFA5F24C3708F0078EDCD /* Products */ = {
			isa = PBXGroup;
			children = (
				2C4EFA5E24C3708F0078EDCD /* pathTracer.app */,
			);
			name = Products;
			sourceTree = "<group>";
		};
		2C4EFA6024C3708F0078EDCD /* pathTracer */ = {
			isa = PBXGroup;
			children = (
				2C4EFA6124C3708F0078EDCD /* AppDelegate.swift */,
				2C4EFA6324C3708F0078EDCD /* ContentView.swift */,
				2C4EFA6524C370920078EDCD /* Assets.xcassets */,
				2C4EFA6A24C370920078EDCD /* Main.storyboard */,
				2C4EFA6D24C370920078EDCD /* Info.plist */,
				2C4EFA6E24C370920078EDCD /* pathTracer.entitlements */,
				2C4EFA6724C370920078EDCD /* Preview Content */,
			);
			path = pathTracer;
			sourceTree = "<group>";
		};
		2C4EFA6724C370920078EDCD /* Preview Content */ = {
			isa = PBXGroup;
			children = (
				2C4EFA6824C370920078EDCD /* Preview Assets.xcassets */,
			);
			path = "Preview Content";
			sourceTree = "<group>";
		};
/* End PBXGroup section */

/* Begin PBXNativeTarget section */
		2C4EFA5D24C3708F0078EDCD /* pathTracer */ = {
			isa = PBXNativeTarget;
			buildConfigurationList = 2C4EFA8724C370920078EDCD /* Build configuration list for PBXNativeTarget "pathTracer" */;
			buildPhases = (
				2C4EFA5A24C3708F0078EDCD /* Sources */,
				2C4EFA5B24C3708F0078EDCD /* Frameworks */,
				2C4EFA5C24C3708F0078EDCD /* Resources */,
			);
			buildRules = (
			);
			dependencies = (
			);
			name = pathTracer;
			productName = pathTracer;
			productReference = 2C4EFA5E24C3708F0078EDCD /* pathTracer.app */;
			productType = "com.apple.product-type.application";
		};
/* End PBXNativeTarget section */

/* Begin PBXProject section */
		2C4EFA5624C3708F0078EDCD /* Project object */ = {
			isa = PBXProject;
			attributes = {
				LastSwiftUpdateCheck = 1130;
				LastUpgradeCheck = 1130;
				ORGANIZATIONNAME = "Kyle Fung";
				TargetAttributes = {
					2C4EFA5D24C3708F0078EDCD = {
						CreatedOnToolsVersion = 11.3.1;
					};
				};
			};
			buildConfigurationList = 2C4EFA5924C3708F0078EDCD /* Build configuration list for PBXProject "pathTracer" */;
			compatibilityVersion = "Xcode 9.3";
			developmentRegion = en;
			hasScannedForEncodings = 0;
			knownRegions = (
				en,
				Base,
			);
			mainGroup = 2C4EFA5524C3708F0078EDCD;
			productRefGroup = 2C4EFA5F24C3708F0078EDCD /* Products */;
			projectDirPath = "";
			projectRoot = "";
			targets = (
				2C4EFA5D24C3708F0078EDCD /* pathTracer */,
			);
		};
/* End PBXProject section */

/* Begin PBXResourcesBuildPhase section */
		2C4EFA5C24C3708F0078EDCD /* Resources */ = {
			isa = PBXResourcesBuildPhase;
			buildActionMask = 2147483647;
			files = (
				2C4EFA6C24C370920078EDCD /* Main.storyboard in Resources */,
				2C4EFA6924C370920078EDCD /* Preview Assets.xcassets in Resources */,
				2C4EFA6624C370920078EDCD /* Assets.xcassets in Resources */,
			);
			runOnlyForDeploymentPostprocessing = 0;
		};
/* End PBXResourcesBuildPhase section */

/* Begin PBXSourcesBuildPhase section */
		2C4EFA5A24C3708F0078EDCD /* Sources */ = {
			isa = PBXSourcesBuildPhase;
			buildActionMask = 2147483647;
			files = (
				2C4EFA6424C3708F0078EDCD /* ContentView.swift in Sources */,
				2C4EFA6224C3708F0078EDCD /* AppDelegate.swift in Sources */,
			);
			runOnlyForDeploymentPostprocessing = 0;
		};
/* End PBXSourcesBuildPhase section */

/* Begin PBXVariantGroup section */
		2C4EFA6A24C370920078EDCD /* Main.storyboard */ = {
			isa = PBXVariantGroup;
			children = (
				2C4EFA6B24C370920078EDCD /* Base */,
			);
			name = Main.storyboard;
			sourceTree = "<group>";
		};
/* End PBXVariantGroup section */

/* Begin XCBuildConfiguration section */
		2C4EFA8524C370920078EDCD /* Debug */ = {
			isa = XCBuildConfiguration;
			buildSettings = {
				ALWAYS_SEARCH_USER_PATHS = NO;
				CLANG_ANALYZER_NONNULL = YES;
				CLANG_ANALYZER_NUMBER_OBJECT_CONVERSION = YES_AGGRESSIVE;
				CLANG_CXX_LANGUAGE_STANDARD = "gnu++14";
				CLANG_CXX_LIBRARY = "libc++";
				CLANG_ENABLE_MODULES = YES;
				CLANG_ENABLE_OBJC_ARC = YES;
				CLANG_ENABLE_OBJC_WEAK = YES;
				CLANG_WARN_BLOCK_CAPTURE_AUTORELEASING = YES;
				CLANG_WARN_BOOL_CONVERSION = YES;
				CLANG_WARN_COMMA = YES;
				CLANG_WARN_CONSTANT_CONVERSION = YES;
				CLANG_WARN_DEPRECATED_OBJC_IMPLEMENTATIONS = YES;
				CLANG_WARN_DIRECT_OBJC_ISA_USAGE = YES_ERROR;
				CLANG_WARN_DOCUMENTATION_COMMENTS = YES;
				CLANG_WARN_EMPTY_BODY = YES;
				CLANG_WARN_ENUM_CONVERSION = YES;
				CLANG_WARN_INFINITE_RECURSION = YES;
				CLANG_WARN_INT_CONVERSION = YES;
				CLANG_WARN_NON_LITERAL_NULL_CONVERSION = YES;
				CLANG_WARN_OBJC_IMPLICIT_RETAIN_SELF = YES;
				CLANG_WARN_OBJC_LITERAL_CONVERSION = YES;
				CLANG_WARN_OBJC_ROOT_CLASS = YES_ERROR;
				CLANG_WARN_RANGE_LOOP_ANALYSIS = YES;
				CLANG_WARN_STRICT_PROTOTYPES = YES;
				CLANG_WARN_SUSPICIOUS_MOVE = YES;
				CLANG_WARN_UNGUARDED_AVAILABILITY = YES_AGGRESSIVE;
				CLANG_WARN_UNREACHABLE_CODE = YES;
				CLANG_WARN__DUPLICATE_METHOD_MATCH = YES;
				COPY_PHASE_STRIP = NO;
				DEBUG_INFORMATION_FORMAT = dwarf;
				ENABLE_STRICT_OBJC_MSGSEND = YES;
				ENABLE_TESTABILITY = YES;
				GCC_C_LANGUAGE_STANDARD = gnu11;
				GCC_DYNAMIC_NO_PIC = NO;
				GCC_NO_COMMON_BLOCKS = YES;
				GCC_OPTIMIZATION_LEVEL = 0;
				GCC_PREPROCESSOR_DEFINITIONS = (
					"DEBUG=1",
					"$(inherited)",
				);
				GCC_WARN_64_TO_32_BIT_CONVERSION = YES;
				GCC_WARN_ABOUT_RETURN_TYPE = YES_ERROR;
				GCC_WARN_UNDECLARED_SELECTOR = YES;
				GCC_WARN_UNINITIALIZED_AUTOS = YES_AGGRESSIVE;
				GCC_WARN_UNUSED_FUNCTION = YES;
				GCC_WARN_UNUSED_VARIABLE = YES;
				MACOSX_DEPLOYMENT_TARGET = 10.15;
				MTL_ENABLE_DEBUG_INFO = INCLUDE_SOURCE;
				MTL_FAST_MATH = YES;
				ONLY_ACTIVE_ARCH = YES;
				SDKROOT = macosx;
				SWIFT_ACTIVE_COMPILATION_CONDITIONS = DEBUG;
				SWIFT_OPTIMIZATION_LEVEL = "-Onone";
			};
			name = Debug;
		};
		2C4EFA8624C370920078EDCD /* Release */ = {
			isa = XCBuildConfiguration;
			buildSettings = {
				ALWAYS_SEARCH_USER_PATHS = NO;
				CLANG_ANALYZER_NONNULL = YES;
				CLANG_ANALYZER_NUMBER_OBJECT_CONVERSION = YES_AGGRESSIVE;
				CLANG_CXX_LANGUAGE_STANDARD = "gnu++14";
				CLANG_CXX_LIBRARY = "libc++";
				CLANG_ENABLE_MODULES = YES;
				CLANG_ENABLE_OBJC_ARC = YES;
				CLANG_ENABLE_OBJC_WEAK = YES;
				CLANG_WARN_BLOCK_CAPTURE_AUTORELEASING = YES;
				CLANG_WARN_BOOL_CONVERSION = YES;
				CLANG_WARN_COMMA = YES;
				CLANG_WARN_CONSTANT_CONVERSION = YES;
				CLANG_WARN_DEPRECATED_OBJC_IMPLEMENTATIONS = YES;
				CLANG_WARN_DIRECT_OBJC_ISA_USAGE = YES_ERROR;
				CLANG_WARN_DOCUMENTATION_COMMENTS = YES;
				CLANG_WARN_EMPTY_BODY = YES;
				CLANG_WARN_ENUM_CONVERSION = YES;
				CLANG_WARN_INFINITE_RECURSION = YES;
				CLANG_WARN_INT_CONVERSION = YES;
				CLANG_WARN_NON_LITERAL_NULL_CONVERSION = YES;
				CLANG_WARN_OBJC_IMPLICIT_RETAIN_SELF = YES;
				CLANG_WARN_OBJC_LITERAL_CONVERSION = YES;
				CLANG_WARN_OBJC_ROOT_CLASS = YES_ERROR;
				CLANG_WARN_RANGE_LOOP_ANALYSIS = YES;
				CLANG_WARN_STRICT_PROTOTYPES = YES;
				CLANG_WARN_SUSPICIOUS_MOVE = YES;
				CLANG_WARN_UNGUARDED_AVAILABILITY = YES_AGGRESSIVE;
				CLANG_WARN_UNREACHABLE_CODE = YES;
				CLANG_WARN__DUPLICATE_METHOD_MATCH = YES;
				COPY_PHASE_STRIP = NO;
				DEBUG_INFORMATION_FORMAT = "dwarf-with-dsym";
				ENABLE_NS_ASSERTIONS = NO;
				ENABLE_STRICT_OBJC_MSGSEND = YES;
				GCC_C_LANGUAGE_STANDARD = gnu11;
				GCC_NO_COMMON_BLOCKS = YES;
				GCC_WARN_64_TO_32_BIT_CONVERSION = YES;
				GCC_WARN_ABOUT_RETURN_TYPE = YES_ERROR;
				GCC_WARN_UNDECLARED_SELECTOR = YES;
				GCC_WARN_UNINITIALIZED_AUTOS = YES_AGGRESSIVE;
				GCC_WARN_UNUSED_FUNCTION = YES;
				GCC_WARN_UNUSED_VARIABLE = YES;
				MACOSX_DEPLOYMENT_TARGET = 10.15;
				MTL_ENABLE_DEBUG_INFO = NO;
				MTL_FAST_MATH = YES;
				SDKROOT = macosx;
				SWIFT_COMPILATION_MODE = wholemodule;
				SWIFT_OPTIMIZATION_LEVEL = "-O";
			};
			name = Release;
		};
		2C4EFA8824C370920078EDCD /* Debug */ = {
			isa = XCBuildConfiguration;
			buildSettings = {
				ASSETCATALOG_COMPILER_APPICON_NAME = AppIcon;
				CODE_SIGN_ENTITLEMENTS = pathTracer/pathTracer.entitlements;
				CODE_SIGN_STYLE = Automatic;
				COMBINE_HIDPI_IMAGES = YES;
				DEVELOPMENT_ASSET_PATHS = "\"pathTracer/Preview Content\"";
				ENABLE_PREVIEWS = YES;
				INFOPLIST_FILE = pathTracer/Info.plist;
				LD_RUNPATH_SEARCH_PATHS = (
					"$(inherited)",
					"@executable_path/../Frameworks",
				);
				MACOSX_DEPLOYMENT_TARGET = 10.15;
				PRODUCT_BUNDLE_IDENTIFIER = KyleFung.pathTracer;
				PRODUCT_NAME = "$(TARGET_NAME)";
				SWIFT_VERSION = 5.0;
			};
			name = Debug;
		};
		2C4EFA8924C370920078EDCD /* Release */ = {
			isa = XCBuildConfiguration;
			buildSettings = {
				ASSETCATALOG_COMPILER_APPICON_NAME = AppIcon;
				CODE_SIGN_ENTITLEMENTS = pathTracer/pathTracer.entitlements;
				CODE_SIGN_STYLE = Automatic;
				COMBINE_HIDPI_IMAGES = YES;
				DEVELOPMENT_ASSET_PATHS = "\"pathTracer/Preview Content\"";
				ENABLE_PREVIEWS = YES;
				INFOPLIST_FILE = pathTracer/Info.plist;
				LD_RUNPATH_SEARCH_PATHS = (
					"$(inherited)",
					"@executable_path/../Frameworks",
				);
				MACOSX_DEPLOYMENT_TARGET = 10.15;
				PRODUCT_BUNDLE_IDENTIFIER = KyleFung.pathTracer;
				PRODUCT_NAME = "$(TARGET_NAME)";
				SWIFT_VERSION = 5.0;
			};
			name = Release;
		};
/* End XCBuildConfiguration section */

/* Begin XCConfigurationList section */
		2C4EFA5924C3708F0078EDCD /* Build configuration list for PBXProject "pathTracer" */ = {
			isa = XCConfigurationList;
			buildConfigurations = (
				2C4EFA8524C370920078EDCD /* Debug */,
				2C4EFA8624C370920078EDCD /* Release */,
			);
			defaultConfigurationIsVisible = 0;
			defaultConfigurationName = Release;
		};
		2C4EFA8724C370920078EDCD /* Build configuration list for PBXNativeTarget "pathTracer" */ = {
			isa = XCConfigurationList;
			buildConfigurations = (
				2C4EFA8824C370920078EDCD /* Debug */,
				2C4EFA8924C370920078EDCD /* Release */,
			);
			defaultConfigurationIsVisible = 0;
			defaultConfigurationName = Release;
		};
/* End XCConfigurationList section */
	};
	rootObject = 2C4EFA5624C3708F0078EDCD /* Project object */;
}
